
Microsoft Visual Studio Solution File, Format Version 12.00
# Visual Studio Version 17
VisualStudioVersion = 17.14.36603.0 d17.14
MinimumVisualStudioVersion = 10.0.40219.1
Project("{FAE04EC0-301F-11D3-BF4B-00C04F79EFBC}") = "DataBlinding", "DataBlinding\DataBlinding.csproj", "{13BF6914-3B46-4AE7-82E4-D9A8957F2481}"
EndProject
Global
	GlobalSection(SolutionConfigurationPlatforms) = preSolution
		Debug|Any CPU = Debug|Any CPU
		Release|Any CPU = Release|Any CPU
	EndGlobalSection
	GlobalSection(ProjectConfigurationPlatforms) = postSolution
		{13BF6914-3B46-4AE7-82E4-D9A8957F2481}.Debug|Any CPU.ActiveCfg = Debug|Any CPU
		{13BF6914-3B46-4AE7-82E4-D9A8957F2481}.Debug|Any CPU.Build.0 = Debug|Any CPU
		{13BF6914-3B46-4AE7-82E4-D9A8957F2481}.Release|Any CPU.ActiveCfg = Release|Any CPU
		{13BF6914-3B46-4AE7-82E4-D9A8957F2481}.Release|Any CPU.Build.0 = Release|Any CPU
	EndGlobalSection
	GlobalSection(SolutionProperties) = preSolution
		HideSolutionNode = FALSE
	EndGlobalSection
	GlobalSection(ExtensibilityGlobals) = postSolution
		SolutionGuid = {D5BF947C-7E3D-419C-BC3F-8A653E480161}
	EndGlobalSection
EndGlobal
